# This file is automatically @generated by Cargo.
# It is not intended for manual editing.
version = 4

[[package]]
name = "allocdemo"
version = "0.1.0"
dependencies = [
 "symbian-core",
 "symbian-std",
]

[[package]]
name = "atomicsdemo"
version = "0.1.0"
dependencies = [
 "symbian-runtime",
 "symbian-std",
]

[[package]]
name = "filesdemo"
version = "0.1.0"
dependencies = [
 "symbian-std",
]

[[package]]
name = "hello"
version = "0.1.0"
dependencies = [
 "symbian-core",
 "symbian-std",
]

[[package]]
name = "helloraw"
version = "0.1.0"
dependencies = [
 "symbian-runtime",
 "symbian-std",
]

[[package]]
name = "shimdemo"
version = "0.1.0"
dependencies = [
 "symbian-core",
 "symbian-std",
]

[[package]]
name = "symbian-alloc"
version = "0.1.0"
dependencies = [
 "symbian-sys",
]

[[package]]
name = "symbian-core"
version = "0.1.0"
dependencies = [
 "symbian-sys",
]

[[package]]
name = "symbian-libcalls"
version = "0.1.0"
dependencies = [
 "symbian-sys",
]

[[package]]
name = "symbian-macros"
version = "0.1.0"

[[package]]
name = "symbian-runtime"
version = "0.1.0"
dependencies = [
 "symbian-alloc",
 "symbian-core",
 "symbian-sys",
]

[[package]]
name = "symbian-std"
version = "0.1.0"
dependencies = [
 "symbian-alloc",
 "symbian-core",
 "symbian-macros",
 "symbian-runtime",
 "symbian-sys",
]

[[package]]
name = "symbian-sys"
version = "0.1.0"

[[package]]
name = "timedemo"
version = "0.1.0"
dependencies = [
 "symbian-core",
 "symbian-std",
]
