# This file is automatically @generated by Cargo.
# It is not intended for manual editing.
version = 4

[[package]]
name = "stdnet"
version = "0.1.0"
dependencies = [
 "symbian-std",
 "symbian-sys",
]

[[package]]
name = "symbian-alloc"
version = "0.1.0"
dependencies = [
 "symbian-sys",
]

[[package]]
name = "symbian-async"
version = "0.1.0"
dependencies = [
 "symbian-core",
 "symbian-sys",
]

[[package]]
name = "symbian-core"
version = "0.1.0"
dependencies = [
 "symbian-fmt",
 "symbian-sys",
]

[[package]]
name = "symbian-fmt"
version = "0.1.0"
dependencies = [
 "symbian-macros",
]

[[package]]
name = "symbian-macros"
version = "0.1.0"
dependencies = [
 "symdev-locale",
]

[[package]]
name = "symbian-std"
version = "0.1.0"
dependencies = [
 "symbian-alloc",
 "symbian-async",
 "symbian-core",
 "symbian-fmt",
 "symbian-macros",
 "symbian-sys",
 "symbian-ui",
]

[[package]]
name = "symbian-sys"
version = "0.1.0"

[[package]]
name = "symbian-ui"
version = "0.1.0"
dependencies = [
 "symbian-core",
]

[[package]]
name = "symdev-locale"
version = "0.1.0"
